<?xml version="1.0" encoding="utf-8"?>
<Project ToolsVersion="4.0" xmlns="http://schemas.microsoft.com/developer/msbuild/2003">
  <ItemGroup>
    <Filter Include="AndroBI">
      <UniqueIdentifier>{24763297-9055-B132-996D-3C0905CC1794}</UniqueIdentifier>
    </Filter>
  </ItemGroup>
  <ItemGroup>
    <ClInclude Include="src\AndroBI\Application.h">
      <Filter>AndroBI</Filter>
    </ClInclude>
    <ClInclude Include="src\AndroBI\Core.h">
      <Filter>AndroBI</Filter>
    </ClInclude>
    <ClInclude Include="src\AndroBI\EntryPoint.h">
      <Filter>AndroBI</Filter>
    </ClInclude>
    <ClInclude Include="src\AndroBI\Log.h">
      <Filter>AndroBI</Filter>
    </ClInclude>
    <ClInclude Include="src\Androbi.h" />
  </ItemGroup>
  <ItemGroup>
    <ClCompile Include="src\AndroBI\Application.cpp">
      <Filter>AndroBI</Filter>
    </ClCompile>
    <ClCompile Include="src\AndroBI\Log.cpp">
      <Filter>AndroBI</Filter>
    </ClCompile>
  </ItemGroup>
</Project>